
Microsoft Visual Studio Solution File, Format Version 12.00
# Visual Studio Version 16
VisualStudioVersion = 16.0.30204.135
MinimumVisualStudioVersion = 10.0.40219.1
Project("{FAE04EC0-301F-11D3-BF4B-00C04F79EFBC}") = "Mines 1.0.1", "Mines 1.0.1\Mines 1.0.1.csproj", "{2A986756-30BC-4D60-8057-C4A7EB579292}"
EndProject
Global
	GlobalSection(SolutionConfigurationPlatforms) = preSolution
		Debug|Any CPU = Debug|Any CPU
		Release|Any CPU = Release|Any CPU
	EndGlobalSection
	GlobalSection(ProjectConfigurationPlatforms) = postSolution
		{2A986756-30BC-4D60-8057-C4A7EB579292}.Debug|Any CPU.ActiveCfg = Debug|Any CPU
		{2A986756-30BC-4D60-8057-C4A7EB579292}.Debug|Any CPU.Build.0 = Debug|Any CPU
		{2A986756-30BC-4D60-8057-C4A7EB579292}.Release|Any CPU.ActiveCfg = Release|Any CPU
		{2A986756-30BC-4D60-8057-C4A7EB579292}.Release|Any CPU.Build.0 = Release|Any CPU
	EndGlobalSection
	GlobalSection(SolutionProperties) = preSolution
		HideSolutionNode = FALSE
	EndGlobalSection
	GlobalSection(ExtensibilityGlobals) = postSolution
		SolutionGuid = {46F50932-8C38-469B-917E-829BA3FD1489}
	EndGlobalSection
EndGlobal
